{
  "name": "watchpost",
  "version": "1.0.0",
  "lockfileVersion": 3,
  "requires": true,
  "packages": {
    "": {
      "name": "watchpost",
      "version": "1.0.0",
      "license": "MIT",
      "dependencies": {
        "unifi-protect": "^4.28.0"
      },
      "engines": {
        "node": ">=20.0.0"
      }
    },
    "node_modules/undici": {
      "version": "7.24.4",
      "resolved": "https://registry.npmjs.org/undici/-/undici-7.24.4.tgz",
      "integrity": "sha512-BM/JzwwaRXxrLdElV2Uo6cTLEjhSb3WXboncJamZ15NgUURmvlXvxa6xkwIOILIjPNo9i8ku136ZvWV0Uly8+w==",
      "license": "MIT",
      "engines": {
        "node": ">=20.18.1"
      }
    },
    "node_modules/unifi-protect": {
      "version": "4.28.0",
      "resolved": "https://registry.npmjs.org/unifi-protect/-/unifi-protect-4.28.0.tgz",
      "integrity": "sha512-uv72htnm9muabb4j5cehhVpmKpORSwtRJro3/hR/cxeUCgTLDOeLu6aQ4nW4WRx5EATlp+c5DPcN6Yg3af81aA==",
      "license": "ISC",
      "dependencies": {
        "undici": "7.24.4"
      },
      "bin": {
        "ufp": "dist/util/ufp.js"
      },
      "engines": {
        "node": ">=20"
      }
    }
  }
}
